// !$*UTF8*$!
{
	archiveVersion = 1;
	classes = {
	};
	objectVersion = 50;
	objects = {

/* Begin PBXBuildFile section */
		D10076D32215EA2D00B89C53 /* SceneCollectionViewCell.swift in Sources */ = {isa = PBXBuildFile; fileRef = D10076D22215EA2D00B89C53 /* SceneCollectionViewCell.swift */; };
		D10076D52215EA7C00B89C53 /* SceneCollectionViewController.swift in Sources */ = {isa = PBXBuildFile; fileRef = D10076D42215EA7C00B89C53 /* SceneCollectionViewController.swift */; };
		D10076D72215EB0000B89C53 /* Scene.swift in Sources */ = {isa = PBXBuildFile; fileRef = D10076D62215EB0000B89C53 /* Scene.swift */; };
		D10C8C30220F406C009721A3 /* SceneState.swift in Sources */ = {isa = PBXBuildFile; fileRef = D10C8C2F220F406C009721A3 /* SceneState.swift */; };
		D10C8C32220F4488009721A3 /* PlacementState.swift in Sources */ = {isa = PBXBuildFile; fileRef = D10C8C31220F4488009721A3 /* PlacementState.swift */; };
		D10C8C34220F44AD009721A3 /* StateMachine.swift in Sources */ = {isa = PBXBuildFile; fileRef = D10C8C33220F44AD009721A3 /* StateMachine.swift */; };
		D10C8C36220F47BC009721A3 /* ObservingState.swift in Sources */ = {isa = PBXBuildFile; fileRef = D10C8C35220F47BB009721A3 /* ObservingState.swift */; };
		D15BFDE92282C35600F29B1D /* SceneLoader.swift in Sources */ = {isa = PBXBuildFile; fileRef = D15BFDE82282C35600F29B1D /* SceneLoader.swift */; };
		D15BFDEB2282C83300F29B1D /* FileManager.swift in Sources */ = {isa = PBXBuildFile; fileRef = D15BFDEA2282C83300F29B1D /* FileManager.swift */; };
		D16724CF21EB175500C53224 /* AppDelegate.swift in Sources */ = {isa = PBXBuildFile; fileRef = D16724CE21EB175500C53224 /* AppDelegate.swift */; };
		D16724D121EB175500C53224 /* art.scnassets in Resources */ = {isa = PBXBuildFile; fileRef = D16724D021EB175500C53224 /* art.scnassets */; };
		D16724D321EB175500C53224 /* ARViewController.swift in Sources */ = {isa = PBXBuildFile; fileRef = D16724D221EB175500C53224 /* ARViewController.swift */; };
		D16724D621EB175500C53224 /* Main.storyboard in Resources */ = {isa = PBXBuildFile; fileRef = D16724D421EB175500C53224 /* Main.storyboard */; };
		D16724D821EB175600C53224 /* Assets.xcassets in Resources */ = {isa = PBXBuildFile; fileRef = D16724D721EB175600C53224 /* Assets.xcassets */; };
		D16724DB21EB175600C53224 /* LaunchScreen.storyboard in Resources */ = {isa = PBXBuildFile; fileRef = D16724D921EB175600C53224 /* LaunchScreen.storyboard */; };
		D16724E521EB183100C53224 /* .gitignore in Resources */ = {isa = PBXBuildFile; fileRef = D16724E421EB183100C53224 /* .gitignore */; };
		D188F3CB22148222001F52AE /* Annotation.swift in Sources */ = {isa = PBXBuildFile; fileRef = D188F3CA22148222001F52AE /* Annotation.swift */; };
		D188F3D12214897D001F52AE /* AttachmentsTableViewController.swift in Sources */ = {isa = PBXBuildFile; fileRef = D188F3D02214897D001F52AE /* AttachmentsTableViewController.swift */; };
		D188F3D322148AF0001F52AE /* Attachment.swift in Sources */ = {isa = PBXBuildFile; fileRef = D188F3D222148AF0001F52AE /* Attachment.swift */; };
		D188F3D522148C5C001F52AE /* TextAttachment.swift in Sources */ = {isa = PBXBuildFile; fileRef = D188F3D422148C5C001F52AE /* TextAttachment.swift */; };
		D188F3D722148FA4001F52AE /* TextAttachmentPreviewController.swift in Sources */ = {isa = PBXBuildFile; fileRef = D188F3D622148FA4001F52AE /* TextAttachmentPreviewController.swift */; };
		D188F3D922148FD0001F52AE /* PreviewViewController.swift in Sources */ = {isa = PBXBuildFile; fileRef = D188F3D822148FD0001F52AE /* PreviewViewController.swift */; };
		D188F3DC2214907C001F52AE /* UIViewController.swift in Sources */ = {isa = PBXBuildFile; fileRef = D188F3DB2214907C001F52AE /* UIViewController.swift */; };
		D188F3DE22149327001F52AE /* WebAttachment.swift in Sources */ = {isa = PBXBuildFile; fileRef = D188F3DD22149327001F52AE /* WebAttachment.swift */; };
		D188F3E022149421001F52AE /* WebAttachmentPreviewController.swift in Sources */ = {isa = PBXBuildFile; fileRef = D188F3DF22149421001F52AE /* WebAttachmentPreviewController.swift */; };
		D1A8C8482222AE4300DE460C /* SettingsViewController.swift in Sources */ = {isa = PBXBuildFile; fileRef = D1A8C8472222AE4300DE460C /* SettingsViewController.swift */; };
		D1A8C84A2222AF0700DE460C /* Settings.swift in Sources */ = {isa = PBXBuildFile; fileRef = D1A8C8492222AF0700DE460C /* Settings.swift */; };
		D1BCC1DE223ABE0F0036AAC7 /* plane.scnassets in Resources */ = {isa = PBXBuildFile; fileRef = D1BCC1DD223ABE0F0036AAC7 /* plane.scnassets */; };
		D1BCC1E0223ABE850036AAC7 /* laptop.scnassets in Resources */ = {isa = PBXBuildFile; fileRef = D1BCC1DF223ABE850036AAC7 /* laptop.scnassets */; };
		D1BCC1E4223AC5DF0036AAC7 /* computer.scnassets in Resources */ = {isa = PBXBuildFile; fileRef = D1BCC1E3223AC5DF0036AAC7 /* computer.scnassets */; };
/* End PBXBuildFile section */

/* Begin PBXFileReference section */
		D10076D22215EA2D00B89C53 /* SceneCollectionViewCell.swift */ = {isa = PBXFileReference; lastKnownFileType = sourcecode.swift; path = SceneCollectionViewCell.swift; sourceTree = "<group>"; };
		D10076D42215EA7C00B89C53 /* SceneCollectionViewController.swift */ = {isa = PBXFileReference; lastKnownFileType = sourcecode.swift; path = SceneCollectionViewController.swift; sourceTree = "<group>"; };
		D10076D62215EB0000B89C53 /* Scene.swift */ = {isa = PBXFileReference; lastKnownFileType = sourcecode.swift; path = Scene.swift; sourceTree = "<group>"; };
		D103B3042261B8230076F392 /* Model.xcdatamodel */ = {isa = PBXFileReference; lastKnownFileType = wrapper.xcdatamodel; path = Model.xcdatamodel; sourceTree = "<group>"; };
		D10C8C2F220F406C009721A3 /* SceneState.swift */ = {isa = PBXFileReference; lastKnownFileType = sourcecode.swift; path = SceneState.swift; sourceTree = "<group>"; };
		D10C8C31220F4488009721A3 /* PlacementState.swift */ = {isa = PBXFileReference; lastKnownFileType = sourcecode.swift; path = PlacementState.swift; sourceTree = "<group>"; };
		D10C8C33220F44AD009721A3 /* StateMachine.swift */ = {isa = PBXFileReference; lastKnownFileType = sourcecode.swift; path = StateMachine.swift; sourceTree = "<group>"; };
		D10C8C35220F47BB009721A3 /* ObservingState.swift */ = {isa = PBXFileReference; lastKnownFileType = sourcecode.swift; path = ObservingState.swift; sourceTree = "<group>"; };
		D15BFDE82282C35600F29B1D /* SceneLoader.swift */ = {isa = PBXFileReference; lastKnownFileType = sourcecode.swift; path = SceneLoader.swift; sourceTree = "<group>"; };
		D15BFDEA2282C83300F29B1D /* FileManager.swift */ = {isa = PBXFileReference; lastKnownFileType = sourcecode.swift; path = FileManager.swift; sourceTree = "<group>"; };
		D16724CB21EB175500C53224 /* ARTeacher.app */ = {isa = PBXFileReference; explicitFileType = wrapper.application; includeInIndex = 0; path = ARTeacher.app; sourceTree = BUILT_PRODUCTS_DIR; };
		D16724CE21EB175500C53224 /* AppDelegate.swift */ = {isa = PBXFileReference; lastKnownFileType = sourcecode.swift; path = AppDelegate.swift; sourceTree = "<group>"; };
		D16724D021EB175500C53224 /* art.scnassets */ = {isa = PBXFileReference; lastKnownFileType = wrapper.scnassets; path = art.scnassets; sourceTree = "<group>"; };
		D16724D221EB175500C53224 /* ARViewController.swift */ = {isa = PBXFileReference; lastKnownFileType = sourcecode.swift; path = ARViewController.swift; sourceTree = "<group>"; };
		D16724D521EB175500C53224 /* Base */ = {isa = PBXFileReference; lastKnownFileType = file.storyboard; name = Base; path = Base.lproj/Main.storyboard; sourceTree = "<group>"; };
		D16724D721EB175600C53224 /* Assets.xcassets */ = {isa = PBXFileReference; lastKnownFileType = folder.assetcatalog; path = Assets.xcassets; sourceTree = "<group>"; };
		D16724DA21EB175600C53224 /* Base */ = {isa = PBXFileReference; lastKnownFileType = file.storyboard; name = Base; path = Base.lproj/LaunchScreen.storyboard; sourceTree = "<group>"; };
		D16724DC21EB175600C53224 /* Info.plist */ = {isa = PBXFileReference; lastKnownFileType = text.plist.xml; path = Info.plist; sourceTree = "<group>"; };
		D16724E421EB183100C53224 /* .gitignore */ = {isa = PBXFileReference; fileEncoding = 4; lastKnownFileType = text; path = .gitignore; sourceTree = "<group>"; };
		D188F3CA22148222001F52AE /* Annotation.swift */ = {isa = PBXFileReference; lastKnownFileType = sourcecode.swift; path = Annotation.swift; sourceTree = "<group>"; };
		D188F3D02214897D001F52AE /* AttachmentsTableViewController.swift */ = {isa = PBXFileReference; lastKnownFileType = sourcecode.swift; path = AttachmentsTableViewController.swift; sourceTree = "<group>"; };
		D188F3D222148AF0001F52AE /* Attachment.swift */ = {isa = PBXFileReference; lastKnownFileType = sourcecode.swift; path = Attachment.swift; sourceTree = "<group>"; };
		D188F3D422148C5C001F52AE /* TextAttachment.swift */ = {isa = PBXFileReference; lastKnownFileType = sourcecode.swift; path = TextAttachment.swift; sourceTree = "<group>"; };
		D188F3D622148FA4001F52AE /* TextAttachmentPreviewController.swift */ = {isa = PBXFileReference; lastKnownFileType = sourcecode.swift; path = TextAttachmentPreviewController.swift; sourceTree = "<group>"; };
		D188F3D822148FD0001F52AE /* PreviewViewController.swift */ = {isa = PBXFileReference; lastKnownFileType = sourcecode.swift; path = PreviewViewController.swift; sourceTree = "<group>"; };
		D188F3DB2214907C001F52AE /* UIViewController.swift */ = {isa = PBXFileReference; lastKnownFileType = sourcecode.swift; path = UIViewController.swift; sourceTree = "<group>"; };
		D188F3DD22149327001F52AE /* WebAttachment.swift */ = {isa = PBXFileReference; lastKnownFileType = sourcecode.swift; path = WebAttachment.swift; sourceTree = "<group>"; };
		D188F3DF22149421001F52AE /* WebAttachmentPreviewController.swift */ = {isa = PBXFileReference; lastKnownFileType = sourcecode.swift; path = WebAttachmentPreviewController.swift; sourceTree = "<group>"; };
		D1A8C8472222AE4300DE460C /* SettingsViewController.swift */ = {isa = PBXFileReference; lastKnownFileType = sourcecode.swift; path = SettingsViewController.swift; sourceTree = "<group>"; };
		D1A8C8492222AF0700DE460C /* Settings.swift */ = {isa = PBXFileReference; lastKnownFileType = sourcecode.swift; path = Settings.swift; sourceTree = "<group>"; };
		D1BCC1DD223ABE0F0036AAC7 /* plane.scnassets */ = {isa = PBXFileReference; lastKnownFileType = wrapper.scnassets; path = plane.scnassets; sourceTree = "<group>"; };
		D1BCC1DF223ABE850036AAC7 /* laptop.scnassets */ = {isa = PBXFileReference; lastKnownFileType = wrapper.scnassets; path = laptop.scnassets; sourceTree = "<group>"; };
		D1BCC1E3223AC5DF0036AAC7 /* computer.scnassets */ = {isa = PBXFileReference; lastKnownFileType = wrapper.scnassets; path = computer.scnassets; sourceTree = "<group>"; };
/* End PBXFileReference section */

/* Begin PBXFrameworksBuildPhase section */
		D16724C821EB175500C53224 /* Frameworks */ = {
			isa = PBXFrameworksBuildPhase;
			buildActionMask = 2147483647;
			files = (
			);
			runOnlyForDeploymentPostprocessing = 0;
		};
/* End PBXFrameworksBuildPhase section */

/* Begin PBXGroup section */
		D10076D12215EA0B00B89C53 /* Views */ = {
			isa = PBXGroup;
			children = (
				D10076D22215EA2D00B89C53 /* SceneCollectionViewCell.swift */,
			);
			path = Views;
			sourceTree = "<group>";
		};
		D16724C221EB175500C53224 = {
			isa = PBXGroup;
			children = (
				D16724E421EB183100C53224 /* .gitignore */,
				D16724CD21EB175500C53224 /* ARTeacher */,
				D16724CC21EB175500C53224 /* Products */,
			);
			sourceTree = "<group>";
		};
		D16724CC21EB175500C53224 /* Products */ = {
			isa = PBXGroup;
			children = (
				D16724CB21EB175500C53224 /* ARTeacher.app */,
			);
			name = Products;
			sourceTree = "<group>";
		};
		D16724CD21EB175500C53224 /* ARTeacher */ = {
			isa = PBXGroup;
			children = (
				D16724CE21EB175500C53224 /* AppDelegate.swift */,
				D1BCC1E3223AC5DF0036AAC7 /* computer.scnassets */,
				D1BCC1DF223ABE850036AAC7 /* laptop.scnassets */,
				D1BCC1DD223ABE0F0036AAC7 /* plane.scnassets */,
				D16724D021EB175500C53224 /* art.scnassets */,
				D188F3C922148202001F52AE /* Models */,
				D188F3CE22148278001F52AE /* States */,
				D188F3DA2214906E001F52AE /* Extensions */,
				D188F3CF22148960001F52AE /* ViewControllers */,
				D10076D12215EA0B00B89C53 /* Views */,
				D16724D421EB175500C53224 /* Main.storyboard */,
				D16724D721EB175600C53224 /* Assets.xcassets */,
				D16724D921EB175600C53224 /* LaunchScreen.storyboard */,
				D16724DC21EB175600C53224 /* Info.plist */,
			);
			path = ARTeacher;
			sourceTree = "<group>";
		};
		D188F3C922148202001F52AE /* Models */ = {
			isa = PBXGroup;
			children = (
				D10076D62215EB0000B89C53 /* Scene.swift */,
				D188F3CA22148222001F52AE /* Annotation.swift */,
				D188F3D222148AF0001F52AE /* Attachment.swift */,
				D188F3D422148C5C001F52AE /* TextAttachment.swift */,
				D188F3DD22149327001F52AE /* WebAttachment.swift */,
				D1A8C8492222AF0700DE460C /* Settings.swift */,
				D15BFDE82282C35600F29B1D /* SceneLoader.swift */,
			);
			path = Models;
			sourceTree = "<group>";
		};
		D188F3CE22148278001F52AE /* States */ = {
			isa = PBXGroup;
			children = (
				D10C8C33220F44AD009721A3 /* StateMachine.swift */,
				D10C8C2F220F406C009721A3 /* SceneState.swift */,
				D10C8C31220F4488009721A3 /* PlacementState.swift */,
				D10C8C35220F47BB009721A3 /* ObservingState.swift */,
			);
			path = States;
			sourceTree = "<group>";
		};
		D188F3CF22148960001F52AE /* ViewControllers */ = {
			isa = PBXGroup;
			children = (
				D10076D42215EA7C00B89C53 /* SceneCollectionViewController.swift */,
				D16724D221EB175500C53224 /* ARViewController.swift */,
				D1A8C8472222AE4300DE460C /* SettingsViewController.swift */,
				D188F3D822148FD0001F52AE /* PreviewViewController.swift */,
				D188F3D02214897D001F52AE /* AttachmentsTableViewController.swift */,
				D188F3D622148FA4001F52AE /* TextAttachmentPreviewController.swift */,
				D188F3DF22149421001F52AE /* WebAttachmentPreviewController.swift */,
				D103B3032261B8230076F392 /* Model.xcdatamodeld */,
			);
			path = ViewControllers;
			sourceTree = "<group>";
		};
		D188F3DA2214906E001F52AE /* Extensions */ = {
			isa = PBXGroup;
			children = (
				D188F3DB2214907C001F52AE /* UIViewController.swift */,
				D15BFDEA2282C83300F29B1D /* FileManager.swift */,
			);
			path = Extensions;
			sourceTree = "<group>";
		};
/* End PBXGroup section */

/* Begin PBXNativeTarget section */
		D16724CA21EB175500C53224 /* ARTeacher */ = {
			isa = PBXNativeTarget;
			buildConfigurationList = D16724DF21EB175600C53224 /* Build configuration list for PBXNativeTarget "ARTeacher" */;
			buildPhases = (
				D16724C721EB175500C53224 /* Sources */,
				D16724C821EB175500C53224 /* Frameworks */,
				D16724C921EB175500C53224 /* Resources */,
			);
			buildRules = (
			);
			dependencies = (
			);
			name = ARTeacher;
			productName = ARTeacher;
			productReference = D16724CB21EB175500C53224 /* ARTeacher.app */;
			productType = "com.apple.product-type.application";
		};
/* End PBXNativeTarget section */

/* Begin PBXProject section */
		D16724C321EB175500C53224 /* Project object */ = {
			isa = PBXProject;
			attributes = {
				LastSwiftUpdateCheck = 1010;
				LastUpgradeCheck = 1010;
				ORGANIZATIONNAME = "Eugene Sobol";
				TargetAttributes = {
					D16724CA21EB175500C53224 = {
						CreatedOnToolsVersion = 10.1;
					};
				};
			};
			buildConfigurationList = D16724C621EB175500C53224 /* Build configuration list for PBXProject "ARTeacher" */;
			compatibilityVersion = "Xcode 9.3";
			developmentRegion = en;
			hasScannedForEncodings = 0;
			knownRegions = (
				en,
				Base,
			);
			mainGroup = D16724C221EB175500C53224;
			productRefGroup = D16724CC21EB175500C53224 /* Products */;
			projectDirPath = "";
			projectRoot = "";
			targets = (
				D16724CA21EB175500C53224 /* ARTeacher */,
			);
		};
/* End PBXProject section */

/* Begin PBXResourcesBuildPhase section */
		D16724C921EB175500C53224 /* Resources */ = {
			isa = PBXResourcesBuildPhase;
			buildActionMask = 2147483647;
			files = (
				D1BCC1E0223ABE850036AAC7 /* laptop.scnassets in Resources */,
				D1BCC1DE223ABE0F0036AAC7 /* plane.scnassets in Resources */,
				D16724E521EB183100C53224 /* .gitignore in Resources */,
				D16724D121EB175500C53224 /* art.scnassets in Resources */,
				D16724DB21EB175600C53224 /* LaunchScreen.storyboard in Resources */,
				D16724D821EB175600C53224 /* Assets.xcassets in Resources */,
				D1BCC1E4223AC5DF0036AAC7 /* computer.scnassets in Resources */,
				D16724D621EB175500C53224 /* Main.storyboard in Resources */,
			);
			runOnlyForDeploymentPostprocessing = 0;
		};
/* End PBXResourcesBuildPhase section */

/* Begin PBXSourcesBuildPhase section */
		D16724C721EB175500C53224 /* Sources */ = {
			isa = PBXSourcesBuildPhase;
			buildActionMask = 2147483647;
			files = (
				D188F3D922148FD0001F52AE /* PreviewViewController.swift in Sources */,
				D10C8C30220F406C009721A3 /* SceneState.swift in Sources */,
				D10C8C32220F4488009721A3 /* PlacementState.swift in Sources */,
				D188F3DE22149327001F52AE /* WebAttachment.swift in Sources */,
				D16724D321EB175500C53224 /* ARViewController.swift in Sources */,
				D1A8C8482222AE4300DE460C /* SettingsViewController.swift in Sources */,
				D188F3E022149421001F52AE /* WebAttachmentPreviewController.swift in Sources */,
				D15BFDEB2282C83300F29B1D /* FileManager.swift in Sources */,
				D10C8C36220F47BC009721A3 /* ObservingState.swift in Sources */,
				D188F3D322148AF0001F52AE /* Attachment.swift in Sources */,
				D15BFDE92282C35600F29B1D /* SceneLoader.swift in Sources */,
				D188F3D722148FA4001F52AE /* TextAttachmentPreviewController.swift in Sources */,
				D10076D72215EB0000B89C53 /* Scene.swift in Sources */,
				D188F3DC2214907C001F52AE /* UIViewController.swift in Sources */,
				D10C8C34220F44AD009721A3 /* StateMachine.swift in Sources */,
				D188F3CB22148222001F52AE /* Annotation.swift in Sources */,
				D1A8C84A2222AF0700DE460C /* Settings.swift in Sources */,
				D188F3D12214897D001F52AE /* AttachmentsTableViewController.swift in Sources */,
				D10076D32215EA2D00B89C53 /* SceneCollectionViewCell.swift in Sources */,
				D188F3D522148C5C001F52AE /* TextAttachment.swift in Sources */,
				D10076D52215EA7C00B89C53 /* SceneCollectionViewController.swift in Sources */,
				D16724CF21EB175500C53224 /* AppDelegate.swift in Sources */,
			);
			runOnlyForDeploymentPostprocessing = 0;
		};
/* End PBXSourcesBuildPhase section */

/* Begin PBXVariantGroup section */
		D16724D421EB175500C53224 /* Main.storyboard */ = {
			isa = PBXVariantGroup;
			children = (
				D16724D521EB175500C53224 /* Base */,
			);
			name = Main.storyboard;
			sourceTree = "<group>";
		};
		D16724D921EB175600C53224 /* LaunchScreen.storyboard */ = {
			isa = PBXVariantGroup;
			children = (
				D16724DA21EB175600C53224 /* Base */,
			);
			name = LaunchScreen.storyboard;
			sourceTree = "<group>";
		};
/* End PBXVariantGroup section */

/* Begin XCBuildConfiguration section */
		D16724DD21EB175600C53224 /* Debug */ = {
			isa = XCBuildConfiguration;
			buildSettings = {
				ALWAYS_SEARCH_USER_PATHS = NO;
				CLANG_ANALYZER_NONNULL = YES;
				CLANG_ANALYZER_NUMBER_OBJECT_CONVERSION = YES_AGGRESSIVE;
				CLANG_CXX_LANGUAGE_STANDARD = "gnu++14";
				CLANG_CXX_LIBRARY = "libc++";
				CLANG_ENABLE_MODULES = YES;
				CLANG_ENABLE_OBJC_ARC = YES;
				CLANG_ENABLE_OBJC_WEAK = YES;
				CLANG_WARN_BLOCK_CAPTURE_AUTORELEASING = YES;
				CLANG_WARN_BOOL_CONVERSION = YES;
				CLANG_WARN_COMMA = YES;
				CLANG_WARN_CONSTANT_CONVERSION = YES;
				CLANG_WARN_DEPRECATED_OBJC_IMPLEMENTATIONS = YES;
				CLANG_WARN_DIRECT_OBJC_ISA_USAGE = YES_ERROR;
				CLANG_WARN_DOCUMENTATION_COMMENTS = YES;
				CLANG_WARN_EMPTY_BODY = YES;
				CLANG_WARN_ENUM_CONVERSION = YES;
				CLANG_WARN_INFINITE_RECURSION = YES;
				CLANG_WARN_INT_CONVERSION = YES;
				CLANG_WARN_NON_LITERAL_NULL_CONVERSION = YES;
				CLANG_WARN_OBJC_IMPLICIT_RETAIN_SELF = YES;
				CLANG_WARN_OBJC_LITERAL_CONVERSION = YES;
				CLANG_WARN_OBJC_ROOT_CLASS = YES_ERROR;
				CLANG_WARN_RANGE_LOOP_ANALYSIS = YES;
				CLANG_WARN_STRICT_PROTOTYPES = YES;
				CLANG_WARN_SUSPICIOUS_MOVE = YES;
				CLANG_WARN_UNGUARDED_AVAILABILITY = YES_AGGRESSIVE;
				CLANG_WARN_UNREACHABLE_CODE = YES;
				CLANG_WARN__DUPLICATE_METHOD_MATCH = YES;
				CODE_SIGN_IDENTITY = "iPhone Developer";
				COPY_PHASE_STRIP = NO;
				DEBUG_INFORMATION_FORMAT = dwarf;
				ENABLE_STRICT_OBJC_MSGSEND = YES;
				ENABLE_TESTABILITY = YES;
				GCC_C_LANGUAGE_STANDARD = gnu11;
				GCC_DYNAMIC_NO_PIC = NO;
				GCC_NO_COMMON_BLOCKS = YES;
				GCC_OPTIMIZATION_LEVEL = 0;
				GCC_PREPROCESSOR_DEFINITIONS = (
					"DEBUG=1",
					"$(inherited)",
				);
				GCC_WARN_64_TO_32_BIT_CONVERSION = YES;
				GCC_WARN_ABOUT_RETURN_TYPE = YES_ERROR;
				GCC_WARN_UNDECLARED_SELECTOR = YES;
				GCC_WARN_UNINITIALIZED_AUTOS = YES_AGGRESSIVE;
				GCC_WARN_UNUSED_FUNCTION = YES;
				GCC_WARN_UNUSED_VARIABLE = YES;
				IPHONEOS_DEPLOYMENT_TARGET = 12.1;
				MTL_ENABLE_DEBUG_INFO = INCLUDE_SOURCE;
				MTL_FAST_MATH = YES;
				ONLY_ACTIVE_ARCH = YES;
				SDKROOT = iphoneos;
				SWIFT_ACTIVE_COMPILATION_CONDITIONS = DEBUG;
				SWIFT_OPTIMIZATION_LEVEL = "-Onone";
			};
			name = Debug;
		};
		D16724DE21EB175600C53224 /* Release */ = {
			isa = XCBuildConfiguration;
			buildSettings = {
				ALWAYS_SEARCH_USER_PATHS = NO;
				CLANG_ANALYZER_NONNULL = YES;
				CLANG_ANALYZER_NUMBER_OBJECT_CONVERSION = YES_AGGRESSIVE;
				CLANG_CXX_LANGUAGE_STANDARD = "gnu++14";
				CLANG_CXX_LIBRARY = "libc++";
				CLANG_ENABLE_MODULES = YES;
				CLANG_ENABLE_OBJC_ARC = YES;
				CLANG_ENABLE_OBJC_WEAK = YES;
				CLANG_WARN_BLOCK_CAPTURE_AUTORELEASING = YES;
				CLANG_WARN_BOOL_CONVERSION = YES;
				CLANG_WARN_COMMA = YES;
				CLANG_WARN_CONSTANT_CONVERSION = YES;
				CLANG_WARN_DEPRECATED_OBJC_IMPLEMENTATIONS = YES;
				CLANG_WARN_DIRECT_OBJC_ISA_USAGE = YES_ERROR;
				CLANG_WARN_DOCUMENTATION_COMMENTS = YES;
				CLANG_WARN_EMPTY_BODY = YES;
				CLANG_WARN_ENUM_CONVERSION = YES;
				CLANG_WARN_INFINITE_RECURSION = YES;
				CLANG_WARN_INT_CONVERSION = YES;
				CLANG_WARN_NON_LITERAL_NULL_CONVERSION = YES;
				CLANG_WARN_OBJC_IMPLICIT_RETAIN_SELF = YES;
				CLANG_WARN_OBJC_LITERAL_CONVERSION = YES;
				CLANG_WARN_OBJC_ROOT_CLASS = YES_ERROR;
				CLANG_WARN_RANGE_LOOP_ANALYSIS = YES;
				CLANG_WARN_STRICT_PROTOTYPES = YES;
				CLANG_WARN_SUSPICIOUS_MOVE = YES;
				CLANG_WARN_UNGUARDED_AVAILABILITY = YES_AGGRESSIVE;
				CLANG_WARN_UNREACHABLE_CODE = YES;
				CLANG_WARN__DUPLICATE_METHOD_MATCH = YES;
				CODE_SIGN_IDENTITY = "iPhone Developer";
				COPY_PHASE_STRIP = NO;
				DEBUG_INFORMATION_FORMAT = "dwarf-with-dsym";
				ENABLE_NS_ASSERTIONS = NO;
				ENABLE_STRICT_OBJC_MSGSEND = YES;
				GCC_C_LANGUAGE_STANDARD = gnu11;
				GCC_NO_COMMON_BLOCKS = YES;
				GCC_WARN_64_TO_32_BIT_CONVERSION = YES;
				GCC_WARN_ABOUT_RETURN_TYPE = YES_ERROR;
				GCC_WARN_UNDECLARED_SELECTOR = YES;
				GCC_WARN_UNINITIALIZED_AUTOS = YES_AGGRESSIVE;
				GCC_WARN_UNUSED_FUNCTION = YES;
				GCC_WARN_UNUSED_VARIABLE = YES;
				IPHONEOS_DEPLOYMENT_TARGET = 12.1;
				MTL_ENABLE_DEBUG_INFO = NO;
				MTL_FAST_MATH = YES;
				SDKROOT = iphoneos;
				SWIFT_COMPILATION_MODE = wholemodule;
				SWIFT_OPTIMIZATION_LEVEL = "-O";
				VALIDATE_PRODUCT = YES;
			};
			name = Release;
		};
		D16724E021EB175600C53224 /* Debug */ = {
			isa = XCBuildConfiguration;
			buildSettings = {
				ASSETCATALOG_COMPILER_APPICON_NAME = AppIcon;
				CODE_SIGN_STYLE = Automatic;
				DEVELOPMENT_TEAM = 59BWRK25DR;
				INFOPLIST_FILE = ARTeacher/Info.plist;
				LD_RUNPATH_SEARCH_PATHS = (
					"$(inherited)",
					"@executable_path/Frameworks",
				);
				PRODUCT_BUNDLE_IDENTIFIER = com.esobol.ARTeacher;
				PRODUCT_NAME = "$(TARGET_NAME)";
				SWIFT_VERSION = 4.2;
				TARGETED_DEVICE_FAMILY = "1,2";
			};
			name = Debug;
		};
		D16724E121EB175600C53224 /* Release */ = {
			isa = XCBuildConfiguration;
			buildSettings = {
				ASSETCATALOG_COMPILER_APPICON_NAME = AppIcon;
				CODE_SIGN_STYLE = Automatic;
				DEVELOPMENT_TEAM = 59BWRK25DR;
				INFOPLIST_FILE = ARTeacher/Info.plist;
				LD_RUNPATH_SEARCH_PATHS = (
					"$(inherited)",
					"@executable_path/Frameworks",
				);
				PRODUCT_BUNDLE_IDENTIFIER = com.esobol.ARTeacher;
				PRODUCT_NAME = "$(TARGET_NAME)";
				SWIFT_VERSION = 4.2;
				TARGETED_DEVICE_FAMILY = "1,2";
			};
			name = Release;
		};
/* End XCBuildConfiguration section */

/* Begin XCConfigurationList section */
		D16724C621EB175500C53224 /* Build configuration list for PBXProject "ARTeacher" */ = {
			isa = XCConfigurationList;
			buildConfigurations = (
				D16724DD21EB175600C53224 /* Debug */,
				D16724DE21EB175600C53224 /* Release */,
			);
			defaultConfigurationIsVisible = 0;
			defaultConfigurationName = Release;
		};
		D16724DF21EB175600C53224 /* Build configuration list for PBXNativeTarget "ARTeacher" */ = {
			isa = XCConfigurationList;
			buildConfigurations = (
				D16724E021EB175600C53224 /* Debug */,
				D16724E121EB175600C53224 /* Release */,
			);
			defaultConfigurationIsVisible = 0;
			defaultConfigurationName = Release;
		};
/* End XCConfigurationList section */

/* Begin XCVersionGroup section */
		D103B3032261B8230076F392 /* Model.xcdatamodeld */ = {
			isa = XCVersionGroup;
			children = (
				D103B3042261B8230076F392 /* Model.xcdatamodel */,
			);
			currentVersion = D103B3042261B8230076F392 /* Model.xcdatamodel */;
			path = Model.xcdatamodeld;
			sourceTree = "<group>";
			versionGroupType = wrapper.xcdatamodel;
		};
/* End XCVersionGroup section */
	};
	rootObject = D16724C321EB175500C53224 /* Project object */;
}
